PODS:
  - INSOperationsKit (1.3.4)
  - Mantle (2.1.0):
    - Mantle/extobjc (= 2.1.0)
  - Mantle/extobjc (2.1.0)

DEPENDENCIES:
  - INSOperationsKit
  - Mantle

SPEC CHECKSUMS:
  INSOperationsKit: c6a0990a2820acab8c7782b32ae29f9d0359ad54
  Mantle: 2fa750afa478cd625a94230fbf1c13462f29395b

PODFILE CHECKSUM: 2fcde14f69c7c8561d36c6d2a210ac614cdfb5ce

COCOAPODS: 1.1.1
